// !$*UTF8*$!
{
	archiveVersion = 1;
	classes = {
	};
	objectVersion = 50;
	objects = {

/* Begin PBXBuildFile section */
		E475950022001F6A002B369A /* AppDelegate.swift in Sources */ = {isa = PBXBuildFile; fileRef = E47594FF22001F6A002B369A /* AppDelegate.swift */; };
		E475950222001F6A002B369A /* ViewController.swift in Sources */ = {isa = PBXBuildFile; fileRef = E475950122001F6A002B369A /* ViewController.swift */; };
		E475950522001F6A002B369A /* Main.storyboard in Resources */ = {isa = PBXBuildFile; fileRef = E475950322001F6A002B369A /* Main.storyboard */; };
		E475950722001F6C002B369A /* Assets.xcassets in Resources */ = {isa = PBXBuildFile; fileRef = E475950622001F6C002B369A /* Assets.xcassets */; };
		E475950A22001F6C002B369A /* LaunchScreen.storyboard in Resources */ = {isa = PBXBuildFile; fileRef = E475950822001F6C002B369A /* LaunchScreen.storyboard */; };
		E475951522001F6C002B369A /* TipperTests.swift in Sources */ = {isa = PBXBuildFile; fileRef = E475951422001F6C002B369A /* TipperTests.swift */; };
		E475952022001F6C002B369A /* TipperUITests.swift in Sources */ = {isa = PBXBuildFile; fileRef = E475951F22001F6C002B369A /* TipperUITests.swift */; };
/* End PBXBuildFile section */

/* Begin PBXContainerItemProxy section */
		E475951122001F6C002B369A /* PBXContainerItemProxy */ = {
			isa = PBXContainerItemProxy;
			containerPortal = E47594F422001F6A002B369A /* Project object */;
			proxyType = 1;
			remoteGlobalIDString = E47594FB22001F6A002B369A;
			remoteInfo = Tipper;
		};
		E475951C22001F6C002B369A /* PBXContainerItemProxy */ = {
			isa = PBXContainerItemProxy;
			containerPortal = E47594F422001F6A002B369A /* Project object */;
			proxyType = 1;
			remoteGlobalIDString = E47594FB22001F6A002B369A;
			remoteInfo = Tipper;
		};
/* End PBXContainerItemProxy section */

/* Begin PBXFileReference section */
		E47594FC22001F6A002B369A /* Tipper.app */ = {isa = PBXFileReference; explicitFileType = wrapper.application; includeInIndex = 0; path = Tipper.app; sourceTree = BUILT_PRODUCTS_DIR; };
		E47594FF22001F6A002B369A /* AppDelegate.swift */ = {isa = PBXFileReference; lastKnownFileType = sourcecode.swift; path = AppDelegate.swift; sourceTree = "<group>"; };
		E475950122001F6A002B369A /* ViewController.swift */ = {isa = PBXFileReference; lastKnownFileType = sourcecode.swift; path = ViewController.swift; sourceTree = "<group>"; };
		E475950422001F6A002B369A /* Base */ = {isa = PBXFileReference; lastKnownFileType = file.storyboard; name = Base; path = Base.lproj/Main.storyboard; sourceTree = "<group>"; };
		E475950622001F6C002B369A /* Assets.xcassets */ = {isa = PBXFileReference; lastKnownFileType = folder.assetcatalog; path = Assets.xcassets; sourceTree = "<group>"; };
		E475950922001F6C002B369A /* Base */ = {isa = PBXFileReference; lastKnownFileType = file.storyboard; name = Base; path = Base.lproj/LaunchScreen.storyboard; sourceTree = "<group>"; };
		E475950B22001F6C002B369A /* Info.plist */ = {isa = PBXFileReference; lastKnownFileType = text.plist.xml; path = Info.plist; sourceTree = "<group>"; };
		E475951022001F6C002B369A /* TipperTests.xctest */ = {isa = PBXFileReference; explicitFileType = wrapper.cfbundle; includeInIndex = 0; path = TipperTests.xctest; sourceTree = BUILT_PRODUCTS_DIR; };
		E475951422001F6C002B369A /* TipperTests.swift */ = {isa = PBXFileReference; lastKnownFileType = sourcecode.swift; path = TipperTests.swift; sourceTree = "<group>"; };
		E475951622001F6C002B369A /* Info.plist */ = {isa = PBXFileReference; lastKnownFileType = text.plist.xml; path = Info.plist; sourceTree = "<group>"; };
		E475951B22001F6C002B369A /* TipperUITests.xctest */ = {isa = PBXFileReference; explicitFileType = wrapper.cfbundle; includeInIndex = 0; path = TipperUITests.xctest; sourceTree = BUILT_PRODUCTS_DIR; };
		E475951F22001F6C002B369A /* TipperUITests.swift */ = {isa = PBXFileReference; lastKnownFileType = sourcecode.swift; path = TipperUITests.swift; sourceTree = "<group>"; };
		E475952122001F6C002B369A /* Info.plist */ = {isa = PBXFileReference; lastKnownFileType = text.plist.xml; path = Info.plist; sourceTree = "<group>"; };
/* End PBXFileReference section */

/* Begin PBXFrameworksBuildPhase section */
		E47594F922001F6A002B369A /* Frameworks */ = {
			isa = PBXFrameworksBuildPhase;
			buildActionMask = 2147483647;
			files = (
			);
			runOnlyForDeploymentPostprocessing = 0;
		};
		E475950D22001F6C002B369A /* Frameworks */ = {
			isa = PBXFrameworksBuildPhase;
			buildActionMask = 2147483647;
			files = (
			);
			runOnlyForDeploymentPostprocessing = 0;
		};
		E475951822001F6C002B369A /* Frameworks */ = {
			isa = PBXFrameworksBuildPhase;
			buildActionMask = 2147483647;
			files = (
			);
			runOnlyForDeploymentPostprocessing = 0;
		};
/* End PBXFrameworksBuildPhase section */

/* Begin PBXGroup section */
		E47594F322001F6A002B369A = {
			isa = PBXGroup;
			children = (
				E47594FE22001F6A002B369A /* Tipper */,
				E475951322001F6C002B369A /* TipperTests */,
				E475951E22001F6C002B369A /* TipperUITests */,
				E47594FD22001F6A002B369A /* Products */,
			);
			sourceTree = "<group>";
		};
		E47594FD22001F6A002B369A /* Products */ = {
			isa = PBXGroup;
			children = (
				E47594FC22001F6A002B369A /* Tipper.app */,
				E475951022001F6C002B369A /* TipperTests.xctest */,
				E475951B22001F6C002B369A /* TipperUITests.xctest */,
			);
			name = Products;
			sourceTree = "<group>";
		};
		E47594FE22001F6A002B369A /* Tipper */ = {
			isa = PBXGroup;
			children = (
				E47594FF22001F6A002B369A /* AppDelegate.swift */,
				E475950122001F6A002B369A /* ViewController.swift */,
				E475950322001F6A002B369A /* Main.storyboard */,
				E475950622001F6C002B369A /* Assets.xcassets */,
				E475950822001F6C002B369A /* LaunchScreen.storyboard */,
				E475950B22001F6C002B369A /* Info.plist */,
			);
			path = Tipper;
			sourceTree = "<group>";
		};
		E475951322001F6C002B369A /* TipperTests */ = {
			isa = PBXGroup;
			children = (
				E475951422001F6C002B369A /* TipperTests.swift */,
				E475951622001F6C002B369A /* Info.plist */,
			);
			path = TipperTests;
			sourceTree = "<group>";
		};
		E475951E22001F6C002B369A /* TipperUITests */ = {
			isa = PBXGroup;
			children = (
				E475951F22001F6C002B369A /* TipperUITests.swift */,
				E475952122001F6C002B369A /* Info.plist */,
			);
			path = TipperUITests;
			sourceTree = "<group>";
		};
/* End PBXGroup section */

/* Begin PBXNativeTarget section */
		E47594FB22001F6A002B369A /* Tipper */ = {
			isa = PBXNativeTarget;
			buildConfigurationList = E475952422001F6C002B369A /* Build configuration list for PBXNativeTarget "Tipper" */;
			buildPhases = (
				E47594F822001F6A002B369A /* Sources */,
				E47594F922001F6A002B369A /* Frameworks */,
				E47594FA22001F6A002B369A /* Resources */,
			);
			buildRules = (
			);
			dependencies = (
			);
			name = Tipper;
			productName = Tipper;
			productReference = E47594FC22001F6A002B369A /* Tipper.app */;
			productType = "com.apple.product-type.application";
		};
		E475950F22001F6C002B369A /* TipperTests */ = {
			isa = PBXNativeTarget;
			buildConfigurationList = E475952722001F6C002B369A /* Build configuration list for PBXNativeTarget "TipperTests" */;
			buildPhases = (
				E475950C22001F6C002B369A /* Sources */,
				E475950D22001F6C002B369A /* Frameworks */,
				E475950E22001F6C002B369A /* Resources */,
			);
			buildRules = (
			);
			dependencies = (
				E475951222001F6C002B369A /* PBXTargetDependency */,
			);
			name = TipperTests;
			productName = TipperTests;
			productReference = E475951022001F6C002B369A /* TipperTests.xctest */;
			productType = "com.apple.product-type.bundle.unit-test";
		};
		E475951A22001F6C002B369A /* TipperUITests */ = {
			isa = PBXNativeTarget;
			buildConfigurationList = E475952A22001F6C002B369A /* Build configuration list for PBXNativeTarget "TipperUITests" */;
			buildPhases = (
				E475951722001F6C002B369A /* Sources */,
				E475951822001F6C002B369A /* Frameworks */,
				E475951922001F6C002B369A /* Resources */,
			);
			buildRules = (
			);
			dependencies = (
				E475951D22001F6C002B369A /* PBXTargetDependency */,
			);
			name = TipperUITests;
			productName = TipperUITests;
			productReference = E475951B22001F6C002B369A /* TipperUITests.xctest */;
			productType = "com.apple.product-type.bundle.ui-testing";
		};
/* End PBXNativeTarget section */

/* Begin PBXProject section */
		E47594F422001F6A002B369A /* Project object */ = {
			isa = PBXProject;
			attributes = {
				LastSwiftUpdateCheck = 1000;
				LastUpgradeCheck = 1000;
				ORGANIZATIONNAME = "Harry Zhang";
				TargetAttributes = {
					E47594FB22001F6A002B369A = {
						CreatedOnToolsVersion = 10.0;
					};
					E475950F22001F6C002B369A = {
						CreatedOnToolsVersion = 10.0;
						TestTargetID = E47594FB22001F6A002B369A;
					};
					E475951A22001F6C002B369A = {
						CreatedOnToolsVersion = 10.0;
						TestTargetID = E47594FB22001F6A002B369A;
					};
				};
			};
			buildConfigurationList = E47594F722001F6A002B369A /* Build configuration list for PBXProject "Tipper" */;
			compatibilityVersion = "Xcode 9.3";
			developmentRegion = en;
			hasScannedForEncodings = 0;
			knownRegions = (
				en,
				Base,
			);
			mainGroup = E47594F322001F6A002B369A;
			productRefGroup = E47594FD22001F6A002B369A /* Products */;
			projectDirPath = "";
			projectRoot = "";
			targets = (
				E47594FB22001F6A002B369A /* Tipper */,
				E475950F22001F6C002B369A /* TipperTests */,
				E475951A22001F6C002B369A /* TipperUITests */,
			);
		};
/* End PBXProject section */

/* Begin PBXResourcesBuildPhase section */
		E47594FA22001F6A002B369A /* Resources */ = {
			isa = PBXResourcesBuildPhase;
			buildActionMask = 2147483647;
			files = (
				E475950A22001F6C002B369A /* LaunchScreen.storyboard in Resources */,
				E475950722001F6C002B369A /* Assets.xcassets in Resources */,
				E475950522001F6A002B369A /* Main.storyboard in Resources */,
			);
			runOnlyForDeploymentPostprocessing = 0;
		};
		E475950E22001F6C002B369A /* Resources */ = {
			isa = PBXResourcesBuildPhase;
			buildActionMask = 2147483647;
			files = (
			);
			runOnlyForDeploymentPostprocessing = 0;
		};
		E475951922001F6C002B369A /* Resources */ = {
			isa = PBXResourcesBuildPhase;
			buildActionMask = 2147483647;
			files = (
			);
			runOnlyForDeploymentPostprocessing = 0;
		};
/* End PBXResourcesBuildPhase section */

/* Begin PBXSourcesBuildPhase section */
		E47594F822001F6A002B369A /* Sources */ = {
			isa = PBXSourcesBuildPhase;
			buildActionMask = 2147483647;
			files = (
				E475950222001F6A002B369A /* ViewController.swift in Sources */,
				E475950022001F6A002B369A /* AppDelegate.swift in Sources */,
			);
			runOnlyForDeploymentPostprocessing = 0;
		};
		E475950C22001F6C002B369A /* Sources */ = {
			isa = PBXSourcesBuildPhase;
			buildActionMask = 2147483647;
			files = (
				E475951522001F6C002B369A /* TipperTests.swift in Sources */,
			);
			runOnlyForDeploymentPostprocessing = 0;
		};
		E475951722001F6C002B369A /* Sources */ = {
			isa = PBXSourcesBuildPhase;
			buildActionMask = 2147483647;
			files = (
				E475952022001F6C002B369A /* TipperUITests.swift in Sources */,
			);
			runOnlyForDeploymentPostprocessing = 0;
		};
/* End PBXSourcesBuildPhase section */

/* Begin PBXTargetDependency section */
		E475951222001F6C002B369A /* PBXTargetDependency */ = {
			isa = PBXTargetDependency;
			target = E47594FB22001F6A002B369A /* Tipper */;
			targetProxy = E475951122001F6C002B369A /* PBXContainerItemProxy */;
		};
		E475951D22001F6C002B369A /* PBXTargetDependency */ = {
			isa = PBXTargetDependency;
			target = E47594FB22001F6A002B369A /* Tipper */;
			targetProxy = E475951C22001F6C002B369A /* PBXContainerItemProxy */;
		};
/* End PBXTargetDependency section */

/* Begin PBXVariantGroup section */
		E475950322001F6A002B369A /* Main.storyboard */ = {
			isa = PBXVariantGroup;
			children = (
				E475950422001F6A002B369A /* Base */,
			);
			name = Main.storyboard;
			sourceTree = "<group>";
		};
		E475950822001F6C002B369A /* LaunchScreen.storyboard */ = {
			isa = PBXVariantGroup;
			children = (
				E475950922001F6C002B369A /* Base */,
			);
			name = LaunchScreen.storyboard;
			sourceTree = "<group>";
		};
/* End PBXVariantGroup section */

/* Begin XCBuildConfiguration section */
		E475952222001F6C002B369A /* Debug */ = {
			isa = XCBuildConfiguration;
			buildSettings = {
				ALWAYS_SEARCH_USER_PATHS = NO;
				CLANG_ANALYZER_NONNULL = YES;
				CLANG_ANALYZER_NUMBER_OBJECT_CONVERSION = YES_AGGRESSIVE;
				CLANG_CXX_LANGUAGE_STANDARD = "gnu++14";
				CLANG_CXX_LIBRARY = "libc++";
				CLANG_ENABLE_MODULES = YES;
				CLANG_ENABLE_OBJC_ARC = YES;
				CLANG_ENABLE_OBJC_WEAK = YES;
				CLANG_WARN_BLOCK_CAPTURE_AUTORELEASING = YES;
				CLANG_WARN_BOOL_CONVERSION = YES;
				CLANG_WARN_COMMA = YES;
				CLANG_WARN_CONSTANT_CONVERSION = YES;
				CLANG_WARN_DEPRECATED_OBJC_IMPLEMENTATIONS = YES;
				CLANG_WARN_DIRECT_OBJC_ISA_USAGE = YES_ERROR;
				CLANG_WARN_DOCUMENTATION_COMMENTS = YES;
				CLANG_WARN_EMPTY_BODY = YES;
				CLANG_WARN_ENUM_CONVERSION = YES;
				CLANG_WARN_INFINITE_RECURSION = YES;
				CLANG_WARN_INT_CONVERSION = YES;
				CLANG_WARN_NON_LITERAL_NULL_CONVERSION = YES;
				CLANG_WARN_OBJC_IMPLICIT_RETAIN_SELF = YES;
				CLANG_WARN_OBJC_LITERAL_CONVERSION = YES;
				CLANG_WARN_OBJC_ROOT_CLASS = YES_ERROR;
				CLANG_WARN_RANGE_LOOP_ANALYSIS = YES;
				CLANG_WARN_STRICT_PROTOTYPES = YES;
				CLANG_WARN_SUSPICIOUS_MOVE = YES;
				CLANG_WARN_UNGUARDED_AVAILABILITY = YES_AGGRESSIVE;
				CLANG_WARN_UNREACHABLE_CODE = YES;
				CLANG_WARN__DUPLICATE_METHOD_MATCH = YES;
				CODE_SIGN_IDENTITY = "iPhone Developer";
				COPY_PHASE_STRIP = NO;
				DEBUG_INFORMATION_FORMAT = dwarf;
				ENABLE_STRICT_OBJC_MSGSEND = YES;
				ENABLE_TESTABILITY = YES;
				GCC_C_LANGUAGE_STANDARD = gnu11;
				GCC_DYNAMIC_NO_PIC = NO;
				GCC_NO_COMMON_BLOCKS = YES;
				GCC_OPTIMIZATION_LEVEL = 0;
				GCC_PREPROCESSOR_DEFINITIONS = (
					"DEBUG=1",
					"$(inherited)",
				);
				GCC_WARN_64_TO_32_BIT_CONVERSION = YES;
				GCC_WARN_ABOUT_RETURN_TYPE = YES_ERROR;
				GCC_WARN_UNDECLARED_SELECTOR = YES;
				GCC_WARN_UNINITIALIZED_AUTOS = YES_AGGRESSIVE;
				GCC_WARN_UNUSED_FUNCTION = YES;
				GCC_WARN_UNUSED_VARIABLE = YES;
				IPHONEOS_DEPLOYMENT_TARGET = 12.0;
				MTL_ENABLE_DEBUG_INFO = INCLUDE_SOURCE;
				MTL_FAST_MATH = YES;
				ONLY_ACTIVE_ARCH = YES;
				SDKROOT = iphoneos;
				SWIFT_ACTIVE_COMPILATION_CONDITIONS = DEBUG;
				SWIFT_OPTIMIZATION_LEVEL = "-Onone";
			};
			name = Debug;
		};
		E475952322001F6C002B369A /* Release */ = {
			isa = XCBuildConfiguration;
			buildSettings = {
				ALWAYS_SEARCH_USER_PATHS = NO;
				CLANG_ANALYZER_NONNULL = YES;
				CLANG_ANALYZER_NUMBER_OBJECT_CONVERSION = YES_AGGRESSIVE;
				CLANG_CXX_LANGUAGE_STANDARD = "gnu++14";
				CLANG_CXX_LIBRARY = "libc++";
				CLANG_ENABLE_MODULES = YES;
				CLANG_ENABLE_OBJC_ARC = YES;
				CLANG_ENABLE_OBJC_WEAK = YES;
				CLANG_WARN_BLOCK_CAPTURE_AUTORELEASING = YES;
				CLANG_WARN_BOOL_CONVERSION = YES;
				CLANG_WARN_COMMA = YES;
				CLANG_WARN_CONSTANT_CONVERSION = YES;
				CLANG_WARN_DEPRECATED_OBJC_IMPLEMENTATIONS = YES;
				CLANG_WARN_DIRECT_OBJC_ISA_USAGE = YES_ERROR;
				CLANG_WARN_DOCUMENTATION_COMMENTS = YES;
				CLANG_WARN_EMPTY_BODY = YES;
				CLANG_WARN_ENUM_CONVERSION = YES;
				CLANG_WARN_INFINITE_RECURSION = YES;
				CLANG_WARN_INT_CONVERSION = YES;
				CLANG_WARN_NON_LITERAL_NULL_CONVERSION = YES;
				CLANG_WARN_OBJC_IMPLICIT_RETAIN_SELF = YES;
				CLANG_WARN_OBJC_LITERAL_CONVERSION = YES;
				CLANG_WARN_OBJC_ROOT_CLASS = YES_ERROR;
				CLANG_WARN_RANGE_LOOP_ANALYSIS = YES;
				CLANG_WARN_STRICT_PROTOTYPES = YES;
				CLANG_WARN_SUSPICIOUS_MOVE = YES;
				CLANG_WARN_UNGUARDED_AVAILABILITY = YES_AGGRESSIVE;
				CLANG_WARN_UNREACHABLE_CODE = YES;
				CLANG_WARN__DUPLICATE_METHOD_MATCH = YES;
				CODE_SIGN_IDENTITY = "iPhone Developer";
				COPY_PHASE_STRIP = NO;
				DEBUG_INFORMATION_FORMAT = "dwarf-with-dsym";
				ENABLE_NS_ASSERTIONS = NO;
				ENABLE_STRICT_OBJC_MSGSEND = YES;
				GCC_C_LANGUAGE_STANDARD = gnu11;
				GCC_NO_COMMON_BLOCKS = YES;
				GCC_WARN_64_TO_32_BIT_CONVERSION = YES;
				GCC_WARN_ABOUT_RETURN_TYPE = YES_ERROR;
				GCC_WARN_UNDECLARED_SELECTOR = YES;
				GCC_WARN_UNINITIALIZED_AUTOS = YES_AGGRESSIVE;
				GCC_WARN_UNUSED_FUNCTION = YES;
				GCC_WARN_UNUSED_VARIABLE = YES;
				IPHONEOS_DEPLOYMENT_TARGET = 12.0;
				MTL_ENABLE_DEBUG_INFO = NO;
				MTL_FAST_MATH = YES;
				SDKROOT = iphoneos;
				SWIFT_COMPILATION_MODE = wholemodule;
				SWIFT_OPTIMIZATION_LEVEL = "-O";
				VALIDATE_PRODUCT = YES;
			};
			name = Release;
		};
		E475952522001F6C002B369A /* Debug */ = {
			isa = XCBuildConfiguration;
			buildSettings = {
				ASSETCATALOG_COMPILER_APPICON_NAME = AppIcon;
				CODE_SIGN_STYLE = Automatic;
				INFOPLIST_FILE = Tipper/Info.plist;
				LD_RUNPATH_SEARCH_PATHS = (
					"$(inherited)",
					"@executable_path/Frameworks",
				);
				PRODUCT_BUNDLE_IDENTIFIER = com.harryzhang.Tipper;
				PRODUCT_NAME = "$(TARGET_NAME)";
				SWIFT_VERSION = 4.2;
				TARGETED_DEVICE_FAMILY = "1,2";
			};
			name = Debug;
		};
		E475952622001F6C002B369A /* Release */ = {
			isa = XCBuildConfiguration;
			buildSettings = {
				ASSETCATALOG_COMPILER_APPICON_NAME = AppIcon;
				CODE_SIGN_STYLE = Automatic;
				INFOPLIST_FILE = Tipper/Info.plist;
				LD_RUNPATH_SEARCH_PATHS = (
					"$(inherited)",
					"@executable_path/Frameworks",
				);
				PRODUCT_BUNDLE_IDENTIFIER = com.harryzhang.Tipper;
				PRODUCT_NAME = "$(TARGET_NAME)";
				SWIFT_VERSION = 4.2;
				TARGETED_DEVICE_FAMILY = "1,2";
			};
			name = Release;
		};
		E475952822001F6C002B369A /* Debug */ = {
			isa = XCBuildConfiguration;
			buildSettings = {
				ALWAYS_EMBED_SWIFT_STANDARD_LIBRARIES = YES;
				BUNDLE_LOADER = "$(TEST_HOST)";
				CODE_SIGN_STYLE = Automatic;
				INFOPLIST_FILE = TipperTests/Info.plist;
				LD_RUNPATH_SEARCH_PATHS = (
					"$(inherited)",
					"@executable_path/Frameworks",
					"@loader_path/Frameworks",
				);
				PRODUCT_BUNDLE_IDENTIFIER = com.harryzhang.TipperTests;
				PRODUCT_NAME = "$(TARGET_NAME)";
				SWIFT_VERSION = 4.2;
				TARGETED_DEVICE_FAMILY = "1,2";
				TEST_HOST = "$(BUILT_PRODUCTS_DIR)/Tipper.app/Tipper";
			};
			name = Debug;
		};
		E475952922001F6C002B369A /* Release */ = {
			isa = XCBuildConfiguration;
			buildSettings = {
				ALWAYS_EMBED_SWIFT_STANDARD_LIBRARIES = YES;
				BUNDLE_LOADER = "$(TEST_HOST)";
				CODE_SIGN_STYLE = Automatic;
				INFOPLIST_FILE = TipperTests/Info.plist;
				LD_RUNPATH_SEARCH_PATHS = (
					"$(inherited)",
					"@executable_path/Frameworks",
					"@loader_path/Frameworks",
				);
				PRODUCT_BUNDLE_IDENTIFIER = com.harryzhang.TipperTests;
				PRODUCT_NAME = "$(TARGET_NAME)";
				SWIFT_VERSION = 4.2;
				TARGETED_DEVICE_FAMILY = "1,2";
				TEST_HOST = "$(BUILT_PRODUCTS_DIR)/Tipper.app/Tipper";
			};
			name = Release;
		};
		E475952B22001F6C002B369A /* Debug */ = {
			isa = XCBuildConfiguration;
			buildSettings = {
				ALWAYS_EMBED_SWIFT_STANDARD_LIBRARIES = YES;
				CODE_SIGN_STYLE = Automatic;
				INFOPLIST_FILE = TipperUITests/Info.plist;
				LD_RUNPATH_SEARCH_PATHS = (
					"$(inherited)",
					"@executable_path/Frameworks",
					"@loader_path/Frameworks",
				);
				PRODUCT_BUNDLE_IDENTIFIER = com.harryzhang.TipperUITests;
				PRODUCT_NAME = "$(TARGET_NAME)";
				SWIFT_VERSION = 4.2;
				TARGETED_DEVICE_FAMILY = "1,2";
				TEST_TARGET_NAME = Tipper;
			};
			name = Debug;
		};
		E475952C22001F6C002B369A /* Release */ = {
			isa = XCBuildConfiguration;
			buildSettings = {
				ALWAYS_EMBED_SWIFT_STANDARD_LIBRARIES = YES;
				CODE_SIGN_STYLE = Automatic;
				INFOPLIST_FILE = TipperUITests/Info.plist;
				LD_RUNPATH_SEARCH_PATHS = (
					"$(inherited)",
					"@executable_path/Frameworks",
					"@loader_path/Frameworks",
				);
				PRODUCT_BUNDLE_IDENTIFIER = com.harryzhang.TipperUITests;
				PRODUCT_NAME = "$(TARGET_NAME)";
				SWIFT_VERSION = 4.2;
				TARGETED_DEVICE_FAMILY = "1,2";
				TEST_TARGET_NAME = Tipper;
			};
			name = Release;
		};
/* End XCBuildConfiguration section */

/* Begin XCConfigurationList section */
		E47594F722001F6A002B369A /* Build configuration list for PBXProject "Tipper" */ = {
			isa = XCConfigurationList;
			buildConfigurations = (
				E475952222001F6C002B369A /* Debug */,
				E475952322001F6C002B369A /* Release */,
			);
			defaultConfigurationIsVisible = 0;
			defaultConfigurationName = Release;
		};
		E475952422001F6C002B369A /* Build configuration list for PBXNativeTarget "Tipper" */ = {
			isa = XCConfigurationList;
			buildConfigurations = (
				E475952522001F6C002B369A /* Debug */,
				E475952622001F6C002B369A /* Release */,
			);
			defaultConfigurationIsVisible = 0;
			defaultConfigurationName = Release;
		};
		E475952722001F6C002B369A /* Build configuration list for PBXNativeTarget "TipperTests" */ = {
			isa = XCConfigurationList;
			buildConfigurations = (
				E475952822001F6C002B369A /* Debug */,
				E475952922001F6C002B369A /* Release */,
			);
			defaultConfigurationIsVisible = 0;
			defaultConfigurationName = Release;
		};
		E475952A22001F6C002B369A /* Build configuration list for PBXNativeTarget "TipperUITests" */ = {
			isa = XCConfigurationList;
			buildConfigurations = (
				E475952B22001F6C002B369A /* Debug */,
				E475952C22001F6C002B369A /* Release */,
			);
			defaultConfigurationIsVisible = 0;
			defaultConfigurationName = Release;
		};
/* End XCConfigurationList section */
	};
	rootObject = E47594F422001F6A002B369A /* Project object */;
}
